github.com/aclements/go-moremath v0.0.0-20190830160640-d16893ddf098/go.mod h1:idZL3yvz4kzx1dsBOAC+oYv6L92P1oFEhUXUB1A/lwQ=
github.com/aclements/go-perf-v2/v2 v2.0.0-20201114230402-4cc84854ceef h1:ZaZLIZN07sParHKjlguJq6WKwKR7F/vUEc+L70ll1V8=
github.com/aclements/go-perf-v2/v2 v2.0.0-20201114230402-4cc84854ceef/go.mod h1:CS1MQBFM43R8qCxHfxwulrTYejejhdCdMhrwc5BCMoo=
github.com/google/go-cmp v0.5.5 h1:Khx7svrCpmxxtHBq5j2mp/xVjsi8hQMfNLvJFAlrGgU=
github.com/google/go-cmp v0.5.5/go.mod h1:v8dTdLbMG2kIc/vJvl+f65V22dbkXbowE6jgT/gNBxE=
golang.org/x/xerrors v0.0.0-20191204190536-9bdfabe68543 h1:E7g+9GITq07hpfrRu66IVDexMakfv52eLZ2CXBWiKr4=
golang.org/x/xerrors v0.0.0-20191204190536-9bdfabe68543/go.mod h1:I/5z698sn9Ka8TeJc9MKroUUfqBBauWjQqLJ2OPfmY0=
