github.com/aclements/go-moremath v0.0.0-20190830160640-d16893ddf098/go.mod h1:idZL3yvz4kzx1dsBOAC+oYv6L92P1oFEhUXUB1A/lwQ=
github.com/aclements/go-perf-v2/v2 v2.0.0-20201114230402-4cc84854ceef h1:ZaZLIZN07sParHKjlguJq6WKwKR7F/vUEc+L70ll1V8=
github.com/aclements/go-perf-v2/v2 v2.0.0-20201114230402-4cc84854ceef/go.mod h1:CS1MQBFM43R8qCxHfxwulrTYejejhdCdMhrwc5BCMoo=
